
Microsoft Visual Studio Solution File, Format Version 12.00
# Visual Studio 2013
VisualStudioVersion = 12.0.30723.0
MinimumVisualStudioVersion = 10.0.40219.1
Project("{FAE04EC0-301F-11D3-BF4B-00C04F79EFBC}") = "VZF.Types", "VZF.Types\VZF.Types.csproj", "{60FC8775-E129-48E0-B5BA-FE9136F9331F}"
EndProject
Project("{FAE04EC0-301F-11D3-BF4B-00C04F79EFBC}") = "VZF.Utils", "VZF.Utils\VZF.Utils.csproj", "{F80E0025-E57E-4BB5-89F2-CFBCAC1AFCF4}"
EndProject
Project("{FAE04EC0-301F-11D3-BF4B-00C04F79EFBC}") = "VZF.Tools", "VZF.Tools\VZF.Tools.csproj", "{EA5104B6-7370-4E64-B05C-858EB56D6DA7}"
EndProject
Project("{FAE04EC0-301F-11D3-BF4B-00C04F79EFBC}") = "VZF.Data.Utils", "VZF.Data\VZF.Data.Utils\VZF.Data.Utils.csproj", "{3E9BE2C0-4AD7-4E58-A58A-24107CD5A7E9}"
EndProject
Project("{FAE04EC0-301F-11D3-BF4B-00C04F79EFBC}") = "VZF.Data.Mssql", "VZF.Data\VZF.Data.Mssql\VZF.Data.Mssql.csproj", "{F42D380A-C4F3-45B5-985C-1D8185823FDD}"
EndProject
Project("{FAE04EC0-301F-11D3-BF4B-00C04F79EFBC}") = "VZF.Data.Firebird", "VZF.Data\VZF.Data.Firebird\VZF.Data.Firebird.csproj", "{8BA564F6-EDCC-4A07-9CDC-125ABCA8160E}"
EndProject
Project("{FAE04EC0-301F-11D3-BF4B-00C04F79EFBC}") = "VZF.Data.Mysql", "VZF.Data\VZF.Data.Mysql\VZF.Data.Mysql.csproj", "{41C7A2FC-480D-4F44-9D04-FD318BE5B306}"
EndProject
Project("{FAE04EC0-301F-11D3-BF4B-00C04F79EFBC}") = "VZF.Data.Postgre", "VZF.Data\VZF.Data.Postgre\VZF.Data.Postgre.csproj", "{26FC1FB1-9DCB-4ED9-9F74-EF453646E97E}"
EndProject
Project("{FAE04EC0-301F-11D3-BF4B-00C04F79EFBC}") = "VZF.Data.Common", "VZF.Data\VZF.Data.Common\VZF.Data.Common.csproj", "{80F590EA-CC91-4286-B8ED-B173FECF0D90}"
EndProject
Project("{2150E333-8FDC-42A3-9474-1A3956D46DE8}") = "ThirdPartyLibs", "ThirdPartyLibs", "{D46A34F9-5538-450A-A93D-8E5D5D9FDBB2}"
EndProject
Project("{FAE04EC0-301F-11D3-BF4B-00C04F79EFBC}") = "FarsiLibrary", "FarsiLibrary\FarsiLibrary.csproj", "{ED29E567-C801-49E9-8C33-CFB66042B07B}"
EndProject
Project("{FAE04EC0-301F-11D3-BF4B-00C04F79EFBC}") = "VZF.Core", "VZF.Core\VZF.Core.csproj", "{BCEFE9BE-7417-47FB-A0E8-75E0201E88E8}"
EndProject
Project("{FAE04EC0-301F-11D3-BF4B-00C04F79EFBC}") = "VZF.Kernel", "VZF.Kernel\VZF.Kernel.csproj", "{7C5BB2BF-C385-49D2-937F-F4CE8E368CC3}"
EndProject
Project("{FAE04EC0-301F-11D3-BF4B-00C04F79EFBC}") = "VZF.Controls", "VZF.Controls\VZF.Controls.csproj", "{C72A5FC8-4B1C-4A24-A306-FB550729DBF0}"
EndProject
Project("{FAE04EC0-301F-11D3-BF4B-00C04F79EFBC}") = "Intelligencia.UrlRewriter", "URLRewriter.NET\Intelligencia.UrlRewriter.csproj", "{F8516C67-92BE-43FF-A8A9-B71A3EA4BE0D}"
EndProject
Project("{FAE04EC0-301F-11D3-BF4B-00C04F79EFBC}") = "VZF", "VZF.NET\VZF.csproj", "{1FC67449-7DEF-476D-AB67-BBEBF4DCFAC6}"
	ProjectSection(ProjectDependencies) = postProject
		{E9ABBE0E-2961-4D7C-A7D9-8C114747E5C1} = {E9ABBE0E-2961-4D7C-A7D9-8C114747E5C1}
		{37839554-BE73-4954-9771-99EE5B70F3DA} = {37839554-BE73-4954-9771-99EE5B70F3DA}
		{BF7D25CE-04BA-4708-825A-E8C4296E777F} = {BF7D25CE-04BA-4708-825A-E8C4296E777F}
		{95A44CD9-4399-4DB9-823F-1A264083A390} = {95A44CD9-4399-4DB9-823F-1A264083A390}
		{A0DE0EE2-A248-43D3-939D-BD70EF10668D} = {A0DE0EE2-A248-43D3-939D-BD70EF10668D}
	EndProjectSection
EndProject
Project("{2150E333-8FDC-42A3-9474-1A3956D46DE8}") = "DAL", "DAL", "{B8DFF8D3-6BFC-4B79-88C9-AF31565F7564}"
EndProject
Project("{FAE04EC0-301F-11D3-BF4B-00C04F79EFBC}") = "VZF.Classes.Config", "VZF.Classes\VZF.Classes.Config\VZF.Classes.Config.csproj", "{753C328A-21A5-4E20-969A-6BCC36019F77}"
EndProject
Project("{FAE04EC0-301F-11D3-BF4B-00C04F79EFBC}") = "VZF.Data.DAL", "VZF.Data\VZF.Data.DAL\VZF.Data.DAL.csproj", "{5E5DA63A-5059-4439-A51C-504C825FDAD1}"
EndProject
Project("{2150E333-8FDC-42A3-9474-1A3956D46DE8}") = "VZF.Providers", "VZF.Providers", "{A76F0CF8-1580-4630-A1CE-521C7882C82C}"
EndProject
Project("{FAE04EC0-301F-11D3-BF4B-00C04F79EFBC}") = "VZF.Providers.Common", "VZF.Providers\VZF.Providers.Common\VZF.Providers.Common.csproj", "{E9ABBE0E-2961-4D7C-A7D9-8C114747E5C1}"
EndProject
Project("{FAE04EC0-301F-11D3-BF4B-00C04F79EFBC}") = "VZF.Providers.Firebird", "VZF.Providers\VZF.Providers.Firebird\VZF.Providers.Firebird.csproj", "{BF7D25CE-04BA-4708-825A-E8C4296E777F}"
EndProject
Project("{FAE04EC0-301F-11D3-BF4B-00C04F79EFBC}") = "VZF.Providers.MsSql", "VZF.Providers\VZF.Providers.Mssql\VZF.Providers.MsSql.csproj", "{95A44CD9-4399-4DB9-823F-1A264083A390}"
EndProject
Project("{FAE04EC0-301F-11D3-BF4B-00C04F79EFBC}") = "VZF.Providers.Mysql", "VZF.Providers\VZF.Providers.Mysql\VZF.Providers.Mysql.csproj", "{37839554-BE73-4954-9771-99EE5B70F3DA}"
EndProject
Project("{FAE04EC0-301F-11D3-BF4B-00C04F79EFBC}") = "VZF.Providers.Postgre", "VZF.Providers\VZF.Providers.Postgre\VZF.Providers.Postgre.csproj", "{A0DE0EE2-A248-43D3-939D-BD70EF10668D}"
EndProject
Global
	GlobalSection(SolutionConfigurationPlatforms) = preSolution
		Debug|Any CPU = Debug|Any CPU
		Deploy|Any CPU = Deploy|Any CPU
		Release|Any CPU = Release|Any CPU
	EndGlobalSection
	GlobalSection(ProjectConfigurationPlatforms) = postSolution
		{60FC8775-E129-48E0-B5BA-FE9136F9331F}.Debug|Any CPU.ActiveCfg = Debug|Any CPU
		{60FC8775-E129-48E0-B5BA-FE9136F9331F}.Debug|Any CPU.Build.0 = Debug|Any CPU
		{60FC8775-E129-48E0-B5BA-FE9136F9331F}.Deploy|Any CPU.ActiveCfg = Debug|Any CPU
		{60FC8775-E129-48E0-B5BA-FE9136F9331F}.Deploy|Any CPU.Build.0 = Debug|Any CPU
		{60FC8775-E129-48E0-B5BA-FE9136F9331F}.Release|Any CPU.ActiveCfg = Release|Any CPU
		{60FC8775-E129-48E0-B5BA-FE9136F9331F}.Release|Any CPU.Build.0 = Release|Any CPU
		{F80E0025-E57E-4BB5-89F2-CFBCAC1AFCF4}.Debug|Any CPU.ActiveCfg = Debug|Any CPU
		{F80E0025-E57E-4BB5-89F2-CFBCAC1AFCF4}.Debug|Any CPU.Build.0 = Debug|Any CPU
		{F80E0025-E57E-4BB5-89F2-CFBCAC1AFCF4}.Deploy|Any CPU.ActiveCfg = Debug|Any CPU
		{F80E0025-E57E-4BB5-89F2-CFBCAC1AFCF4}.Deploy|Any CPU.Build.0 = Debug|Any CPU
		{F80E0025-E57E-4BB5-89F2-CFBCAC1AFCF4}.Release|Any CPU.ActiveCfg = Release|Any CPU
		{F80E0025-E57E-4BB5-89F2-CFBCAC1AFCF4}.Release|Any CPU.Build.0 = Release|Any CPU
		{EA5104B6-7370-4E64-B05C-858EB56D6DA7}.Debug|Any CPU.ActiveCfg = Debug|Any CPU
		{EA5104B6-7370-4E64-B05C-858EB56D6DA7}.Debug|Any CPU.Build.0 = Debug|Any CPU
		{EA5104B6-7370-4E64-B05C-858EB56D6DA7}.Deploy|Any CPU.ActiveCfg = Debug|Any CPU
		{EA5104B6-7370-4E64-B05C-858EB56D6DA7}.Deploy|Any CPU.Build.0 = Debug|Any CPU
		{EA5104B6-7370-4E64-B05C-858EB56D6DA7}.Release|Any CPU.ActiveCfg = Release|Any CPU
		{EA5104B6-7370-4E64-B05C-858EB56D6DA7}.Release|Any CPU.Build.0 = Release|Any CPU
		{3E9BE2C0-4AD7-4E58-A58A-24107CD5A7E9}.Debug|Any CPU.ActiveCfg = Debug|Any CPU
		{3E9BE2C0-4AD7-4E58-A58A-24107CD5A7E9}.Debug|Any CPU.Build.0 = Debug|Any CPU
		{3E9BE2C0-4AD7-4E58-A58A-24107CD5A7E9}.Deploy|Any CPU.ActiveCfg = Debug|Any CPU
		{3E9BE2C0-4AD7-4E58-A58A-24107CD5A7E9}.Deploy|Any CPU.Build.0 = Debug|Any CPU
		{3E9BE2C0-4AD7-4E58-A58A-24107CD5A7E9}.Release|Any CPU.ActiveCfg = Release|Any CPU
		{3E9BE2C0-4AD7-4E58-A58A-24107CD5A7E9}.Release|Any CPU.Build.0 = Release|Any CPU
		{F42D380A-C4F3-45B5-985C-1D8185823FDD}.Debug|Any CPU.ActiveCfg = Debug|Any CPU
		{F42D380A-C4F3-45B5-985C-1D8185823FDD}.Debug|Any CPU.Build.0 = Debug|Any CPU
		{F42D380A-C4F3-45B5-985C-1D8185823FDD}.Deploy|Any CPU.ActiveCfg = Debug|Any CPU
		{F42D380A-C4F3-45B5-985C-1D8185823FDD}.Deploy|Any CPU.Build.0 = Debug|Any CPU
		{F42D380A-C4F3-45B5-985C-1D8185823FDD}.Release|Any CPU.ActiveCfg = Release|Any CPU
		{F42D380A-C4F3-45B5-985C-1D8185823FDD}.Release|Any CPU.Build.0 = Release|Any CPU
		{8BA564F6-EDCC-4A07-9CDC-125ABCA8160E}.Debug|Any CPU.ActiveCfg = Debug|Any CPU
		{8BA564F6-EDCC-4A07-9CDC-125ABCA8160E}.Debug|Any CPU.Build.0 = Debug|Any CPU
		{8BA564F6-EDCC-4A07-9CDC-125ABCA8160E}.Deploy|Any CPU.ActiveCfg = Debug|Any CPU
		{8BA564F6-EDCC-4A07-9CDC-125ABCA8160E}.Deploy|Any CPU.Build.0 = Debug|Any CPU
		{8BA564F6-EDCC-4A07-9CDC-125ABCA8160E}.Release|Any CPU.ActiveCfg = Release|Any CPU
		{8BA564F6-EDCC-4A07-9CDC-125ABCA8160E}.Release|Any CPU.Build.0 = Release|Any CPU
		{41C7A2FC-480D-4F44-9D04-FD318BE5B306}.Debug|Any CPU.ActiveCfg = Debug|Any CPU
		{41C7A2FC-480D-4F44-9D04-FD318BE5B306}.Debug|Any CPU.Build.0 = Debug|Any CPU
		{41C7A2FC-480D-4F44-9D04-FD318BE5B306}.Deploy|Any CPU.ActiveCfg = Debug|Any CPU
		{41C7A2FC-480D-4F44-9D04-FD318BE5B306}.Deploy|Any CPU.Build.0 = Debug|Any CPU
		{41C7A2FC-480D-4F44-9D04-FD318BE5B306}.Release|Any CPU.ActiveCfg = Release|Any CPU
		{41C7A2FC-480D-4F44-9D04-FD318BE5B306}.Release|Any CPU.Build.0 = Release|Any CPU
		{26FC1FB1-9DCB-4ED9-9F74-EF453646E97E}.Debug|Any CPU.ActiveCfg = Debug|Any CPU
		{26FC1FB1-9DCB-4ED9-9F74-EF453646E97E}.Debug|Any CPU.Build.0 = Debug|Any CPU
		{26FC1FB1-9DCB-4ED9-9F74-EF453646E97E}.Deploy|Any CPU.ActiveCfg = Debug|Any CPU
		{26FC1FB1-9DCB-4ED9-9F74-EF453646E97E}.Deploy|Any CPU.Build.0 = Debug|Any CPU
		{26FC1FB1-9DCB-4ED9-9F74-EF453646E97E}.Release|Any CPU.ActiveCfg = Release|Any CPU
		{26FC1FB1-9DCB-4ED9-9F74-EF453646E97E}.Release|Any CPU.Build.0 = Release|Any CPU
		{80F590EA-CC91-4286-B8ED-B173FECF0D90}.Debug|Any CPU.ActiveCfg = Debug|Any CPU
		{80F590EA-CC91-4286-B8ED-B173FECF0D90}.Debug|Any CPU.Build.0 = Debug|Any CPU
		{80F590EA-CC91-4286-B8ED-B173FECF0D90}.Deploy|Any CPU.ActiveCfg = Debug|Any CPU
		{80F590EA-CC91-4286-B8ED-B173FECF0D90}.Deploy|Any CPU.Build.0 = Debug|Any CPU
		{80F590EA-CC91-4286-B8ED-B173FECF0D90}.Release|Any CPU.ActiveCfg = Release|Any CPU
		{80F590EA-CC91-4286-B8ED-B173FECF0D90}.Release|Any CPU.Build.0 = Release|Any CPU
		{ED29E567-C801-49E9-8C33-CFB66042B07B}.Debug|Any CPU.ActiveCfg = Debug|Any CPU
		{ED29E567-C801-49E9-8C33-CFB66042B07B}.Debug|Any CPU.Build.0 = Debug|Any CPU
		{ED29E567-C801-49E9-8C33-CFB66042B07B}.Deploy|Any CPU.ActiveCfg = Debug|Any CPU
		{ED29E567-C801-49E9-8C33-CFB66042B07B}.Deploy|Any CPU.Build.0 = Debug|Any CPU
		{ED29E567-C801-49E9-8C33-CFB66042B07B}.Release|Any CPU.ActiveCfg = Release|Any CPU
		{ED29E567-C801-49E9-8C33-CFB66042B07B}.Release|Any CPU.Build.0 = Release|Any CPU
		{BCEFE9BE-7417-47FB-A0E8-75E0201E88E8}.Debug|Any CPU.ActiveCfg = Debug|Any CPU
		{BCEFE9BE-7417-47FB-A0E8-75E0201E88E8}.Debug|Any CPU.Build.0 = Debug|Any CPU
		{BCEFE9BE-7417-47FB-A0E8-75E0201E88E8}.Deploy|Any CPU.ActiveCfg = Debug|Any CPU
		{BCEFE9BE-7417-47FB-A0E8-75E0201E88E8}.Deploy|Any CPU.Build.0 = Debug|Any CPU
		{BCEFE9BE-7417-47FB-A0E8-75E0201E88E8}.Release|Any CPU.ActiveCfg = Release|Any CPU
		{BCEFE9BE-7417-47FB-A0E8-75E0201E88E8}.Release|Any CPU.Build.0 = Release|Any CPU
		{7C5BB2BF-C385-49D2-937F-F4CE8E368CC3}.Debug|Any CPU.ActiveCfg = Debug|Any CPU
		{7C5BB2BF-C385-49D2-937F-F4CE8E368CC3}.Debug|Any CPU.Build.0 = Debug|Any CPU
		{7C5BB2BF-C385-49D2-937F-F4CE8E368CC3}.Deploy|Any CPU.ActiveCfg = Debug|Any CPU
		{7C5BB2BF-C385-49D2-937F-F4CE8E368CC3}.Deploy|Any CPU.Build.0 = Debug|Any CPU
		{7C5BB2BF-C385-49D2-937F-F4CE8E368CC3}.Release|Any CPU.ActiveCfg = Release|Any CPU
		{7C5BB2BF-C385-49D2-937F-F4CE8E368CC3}.Release|Any CPU.Build.0 = Release|Any CPU
		{C72A5FC8-4B1C-4A24-A306-FB550729DBF0}.Debug|Any CPU.ActiveCfg = Debug|Any CPU
		{C72A5FC8-4B1C-4A24-A306-FB550729DBF0}.Debug|Any CPU.Build.0 = Debug|Any CPU
		{C72A5FC8-4B1C-4A24-A306-FB550729DBF0}.Deploy|Any CPU.ActiveCfg = Debug|Any CPU
		{C72A5FC8-4B1C-4A24-A306-FB550729DBF0}.Deploy|Any CPU.Build.0 = Debug|Any CPU
		{C72A5FC8-4B1C-4A24-A306-FB550729DBF0}.Release|Any CPU.ActiveCfg = Release|Any CPU
		{C72A5FC8-4B1C-4A24-A306-FB550729DBF0}.Release|Any CPU.Build.0 = Release|Any CPU
		{F8516C67-92BE-43FF-A8A9-B71A3EA4BE0D}.Debug|Any CPU.ActiveCfg = Debug|Any CPU
		{F8516C67-92BE-43FF-A8A9-B71A3EA4BE0D}.Debug|Any CPU.Build.0 = Debug|Any CPU
		{F8516C67-92BE-43FF-A8A9-B71A3EA4BE0D}.Deploy|Any CPU.ActiveCfg = Debug|Any CPU
		{F8516C67-92BE-43FF-A8A9-B71A3EA4BE0D}.Deploy|Any CPU.Build.0 = Debug|Any CPU
		{F8516C67-92BE-43FF-A8A9-B71A3EA4BE0D}.Release|Any CPU.ActiveCfg = Release|Any CPU
		{F8516C67-92BE-43FF-A8A9-B71A3EA4BE0D}.Release|Any CPU.Build.0 = Release|Any CPU
		{1FC67449-7DEF-476D-AB67-BBEBF4DCFAC6}.Debug|Any CPU.ActiveCfg = Debug|Any CPU
		{1FC67449-7DEF-476D-AB67-BBEBF4DCFAC6}.Debug|Any CPU.Build.0 = Debug|Any CPU
		{1FC67449-7DEF-476D-AB67-BBEBF4DCFAC6}.Deploy|Any CPU.ActiveCfg = Deploy|Any CPU
		{1FC67449-7DEF-476D-AB67-BBEBF4DCFAC6}.Deploy|Any CPU.Build.0 = Deploy|Any CPU
		{1FC67449-7DEF-476D-AB67-BBEBF4DCFAC6}.Release|Any CPU.ActiveCfg = Release|Any CPU
		{1FC67449-7DEF-476D-AB67-BBEBF4DCFAC6}.Release|Any CPU.Build.0 = Release|Any CPU
		{753C328A-21A5-4E20-969A-6BCC36019F77}.Debug|Any CPU.ActiveCfg = Debug|Any CPU
		{753C328A-21A5-4E20-969A-6BCC36019F77}.Debug|Any CPU.Build.0 = Debug|Any CPU
		{753C328A-21A5-4E20-969A-6BCC36019F77}.Deploy|Any CPU.ActiveCfg = Debug|Any CPU
		{753C328A-21A5-4E20-969A-6BCC36019F77}.Deploy|Any CPU.Build.0 = Debug|Any CPU
		{753C328A-21A5-4E20-969A-6BCC36019F77}.Release|Any CPU.ActiveCfg = Release|Any CPU
		{753C328A-21A5-4E20-969A-6BCC36019F77}.Release|Any CPU.Build.0 = Release|Any CPU
		{5E5DA63A-5059-4439-A51C-504C825FDAD1}.Debug|Any CPU.ActiveCfg = Debug|Any CPU
		{5E5DA63A-5059-4439-A51C-504C825FDAD1}.Debug|Any CPU.Build.0 = Debug|Any CPU
		{5E5DA63A-5059-4439-A51C-504C825FDAD1}.Deploy|Any CPU.ActiveCfg = Debug|Any CPU
		{5E5DA63A-5059-4439-A51C-504C825FDAD1}.Deploy|Any CPU.Build.0 = Debug|Any CPU
		{5E5DA63A-5059-4439-A51C-504C825FDAD1}.Release|Any CPU.ActiveCfg = Release|Any CPU
		{5E5DA63A-5059-4439-A51C-504C825FDAD1}.Release|Any CPU.Build.0 = Release|Any CPU
		{E9ABBE0E-2961-4D7C-A7D9-8C114747E5C1}.Debug|Any CPU.ActiveCfg = Debug|Any CPU
		{E9ABBE0E-2961-4D7C-A7D9-8C114747E5C1}.Debug|Any CPU.Build.0 = Debug|Any CPU
		{E9ABBE0E-2961-4D7C-A7D9-8C114747E5C1}.Deploy|Any CPU.ActiveCfg = Debug|Any CPU
		{E9ABBE0E-2961-4D7C-A7D9-8C114747E5C1}.Deploy|Any CPU.Build.0 = Debug|Any CPU
		{E9ABBE0E-2961-4D7C-A7D9-8C114747E5C1}.Release|Any CPU.ActiveCfg = Release|Any CPU
		{E9ABBE0E-2961-4D7C-A7D9-8C114747E5C1}.Release|Any CPU.Build.0 = Release|Any CPU
		{BF7D25CE-04BA-4708-825A-E8C4296E777F}.Debug|Any CPU.ActiveCfg = Debug|Any CPU
		{BF7D25CE-04BA-4708-825A-E8C4296E777F}.Debug|Any CPU.Build.0 = Debug|Any CPU
		{BF7D25CE-04BA-4708-825A-E8C4296E777F}.Deploy|Any CPU.ActiveCfg = Debug|Any CPU
		{BF7D25CE-04BA-4708-825A-E8C4296E777F}.Deploy|Any CPU.Build.0 = Debug|Any CPU
		{BF7D25CE-04BA-4708-825A-E8C4296E777F}.Release|Any CPU.ActiveCfg = Release|Any CPU
		{BF7D25CE-04BA-4708-825A-E8C4296E777F}.Release|Any CPU.Build.0 = Release|Any CPU
		{95A44CD9-4399-4DB9-823F-1A264083A390}.Debug|Any CPU.ActiveCfg = Debug|Any CPU
		{95A44CD9-4399-4DB9-823F-1A264083A390}.Debug|Any CPU.Build.0 = Debug|Any CPU
		{95A44CD9-4399-4DB9-823F-1A264083A390}.Deploy|Any CPU.ActiveCfg = Debug|Any CPU
		{95A44CD9-4399-4DB9-823F-1A264083A390}.Deploy|Any CPU.Build.0 = Debug|Any CPU
		{95A44CD9-4399-4DB9-823F-1A264083A390}.Release|Any CPU.ActiveCfg = Release|Any CPU
		{95A44CD9-4399-4DB9-823F-1A264083A390}.Release|Any CPU.Build.0 = Release|Any CPU
		{37839554-BE73-4954-9771-99EE5B70F3DA}.Debug|Any CPU.ActiveCfg = Debug|Any CPU
		{37839554-BE73-4954-9771-99EE5B70F3DA}.Debug|Any CPU.Build.0 = Debug|Any CPU
		{37839554-BE73-4954-9771-99EE5B70F3DA}.Deploy|Any CPU.ActiveCfg = Debug|Any CPU
		{37839554-BE73-4954-9771-99EE5B70F3DA}.Deploy|Any CPU.Build.0 = Debug|Any CPU
		{37839554-BE73-4954-9771-99EE5B70F3DA}.Release|Any CPU.ActiveCfg = Release|Any CPU
		{37839554-BE73-4954-9771-99EE5B70F3DA}.Release|Any CPU.Build.0 = Release|Any CPU
		{A0DE0EE2-A248-43D3-939D-BD70EF10668D}.Debug|Any CPU.ActiveCfg = Debug|Any CPU
		{A0DE0EE2-A248-43D3-939D-BD70EF10668D}.Debug|Any CPU.Build.0 = Debug|Any CPU
		{A0DE0EE2-A248-43D3-939D-BD70EF10668D}.Deploy|Any CPU.ActiveCfg = Debug|Any CPU
		{A0DE0EE2-A248-43D3-939D-BD70EF10668D}.Deploy|Any CPU.Build.0 = Debug|Any CPU
		{A0DE0EE2-A248-43D3-939D-BD70EF10668D}.Release|Any CPU.ActiveCfg = Release|Any CPU
		{A0DE0EE2-A248-43D3-939D-BD70EF10668D}.Release|Any CPU.Build.0 = Release|Any CPU
	EndGlobalSection
	GlobalSection(SolutionProperties) = preSolution
		HideSolutionNode = FALSE
	EndGlobalSection
	GlobalSection(NestedProjects) = preSolution
		{3E9BE2C0-4AD7-4E58-A58A-24107CD5A7E9} = {B8DFF8D3-6BFC-4B79-88C9-AF31565F7564}
		{F42D380A-C4F3-45B5-985C-1D8185823FDD} = {B8DFF8D3-6BFC-4B79-88C9-AF31565F7564}
		{8BA564F6-EDCC-4A07-9CDC-125ABCA8160E} = {B8DFF8D3-6BFC-4B79-88C9-AF31565F7564}
		{41C7A2FC-480D-4F44-9D04-FD318BE5B306} = {B8DFF8D3-6BFC-4B79-88C9-AF31565F7564}
		{26FC1FB1-9DCB-4ED9-9F74-EF453646E97E} = {B8DFF8D3-6BFC-4B79-88C9-AF31565F7564}
		{80F590EA-CC91-4286-B8ED-B173FECF0D90} = {B8DFF8D3-6BFC-4B79-88C9-AF31565F7564}
		{ED29E567-C801-49E9-8C33-CFB66042B07B} = {D46A34F9-5538-450A-A93D-8E5D5D9FDBB2}
		{F8516C67-92BE-43FF-A8A9-B71A3EA4BE0D} = {D46A34F9-5538-450A-A93D-8E5D5D9FDBB2}
		{5E5DA63A-5059-4439-A51C-504C825FDAD1} = {B8DFF8D3-6BFC-4B79-88C9-AF31565F7564}
		{E9ABBE0E-2961-4D7C-A7D9-8C114747E5C1} = {A76F0CF8-1580-4630-A1CE-521C7882C82C}
		{BF7D25CE-04BA-4708-825A-E8C4296E777F} = {A76F0CF8-1580-4630-A1CE-521C7882C82C}
		{95A44CD9-4399-4DB9-823F-1A264083A390} = {A76F0CF8-1580-4630-A1CE-521C7882C82C}
		{37839554-BE73-4954-9771-99EE5B70F3DA} = {A76F0CF8-1580-4630-A1CE-521C7882C82C}
		{A0DE0EE2-A248-43D3-939D-BD70EF10668D} = {A76F0CF8-1580-4630-A1CE-521C7882C82C}
	EndGlobalSection
EndGlobal
