
Microsoft Visual Studio Solution File, Format Version 12.00
# Visual Studio 2013
VisualStudioVersion = 12.0.30501.0
MinimumVisualStudioVersion = 10.0.40219.1
Project("{FAE04EC0-301F-11D3-BF4B-00C04F79EFBC}") = "FarsiLibrary", "FarsiLibrary\FarsiLibrary.csproj", "{ED29E567-C801-49E9-8C33-CFB66042B07B}"
EndProject
Project("{FAE04EC0-301F-11D3-BF4B-00C04F79EFBC}") = "Intelligencia.UrlRewriter", "URLRewriter.NET\Intelligencia.UrlRewriter.csproj", "{F8516C67-92BE-43FF-A8A9-B71A3EA4BE0D}"
EndProject
Global
	GlobalSection(SolutionConfigurationPlatforms) = preSolution
		Debug|Any CPU = Debug|Any CPU
		Release|Any CPU = Release|Any CPU
	EndGlobalSection
	GlobalSection(ProjectConfigurationPlatforms) = postSolution
		{ED29E567-C801-49E9-8C33-CFB66042B07B}.Debug|Any CPU.ActiveCfg = Debug|Any CPU
		{ED29E567-C801-49E9-8C33-CFB66042B07B}.Debug|Any CPU.Build.0 = Debug|Any CPU
		{ED29E567-C801-49E9-8C33-CFB66042B07B}.Release|Any CPU.ActiveCfg = Release|Any CPU
		{ED29E567-C801-49E9-8C33-CFB66042B07B}.Release|Any CPU.Build.0 = Release|Any CPU
		{F8516C67-92BE-43FF-A8A9-B71A3EA4BE0D}.Debug|Any CPU.ActiveCfg = Debug|Any CPU
		{F8516C67-92BE-43FF-A8A9-B71A3EA4BE0D}.Debug|Any CPU.Build.0 = Debug|Any CPU
		{F8516C67-92BE-43FF-A8A9-B71A3EA4BE0D}.Release|Any CPU.ActiveCfg = Release|Any CPU
		{F8516C67-92BE-43FF-A8A9-B71A3EA4BE0D}.Release|Any CPU.Build.0 = Release|Any CPU
	EndGlobalSection
	GlobalSection(SolutionProperties) = preSolution
		HideSolutionNode = FALSE
	EndGlobalSection
EndGlobal
