Microsoft Visual Studio Solution File, Format Version 12.00
# Visual Studio 2012
Project("{2150E333-8FDC-42A3-9474-1A3956D46DE8}") = "Third-Party Libs", "Third-Party Libs", "{CFC7B19E-F7F2-41F1-B709-5C1D72A9BAD0}"
EndProject
Project("{2150E333-8FDC-42A3-9474-1A3956D46DE8}") = ".nuget", ".nuget", "{CD7B910C-7C51-4B36-89BC-3B15F5B35F7E}"
	ProjectSection(SolutionItems) = preProject
		.nuget\NuGet.Config = .nuget\NuGet.Config
		.nuget\NuGet.exe = .nuget\NuGet.exe
		.nuget\NuGet.targets = .nuget\NuGet.targets
	EndProjectSection
EndProject
Project("{FAE04EC0-301F-11D3-BF4B-00C04F79EFBC}") = "YAF.Classes.Config", "YAF.Classes\YAF.Classes.Config\YAF.Classes.Config.csproj", "{05E50D2F-9527-4CE8-A0F8-168281C426CB}"
EndProject
Project("{FAE04EC0-301F-11D3-BF4B-00C04F79EFBC}") = "Intelligencia.UrlRewriter", "URLRewriter.NET\Intelligencia.UrlRewriter.csproj", "{F8516C67-92BE-43FF-A8A9-B71A3EA4BE0D}"
EndProject
Project("{FAE04EC0-301F-11D3-BF4B-00C04F79EFBC}") = "YAF.Controls", "YAF.Controls\YAF.Controls.csproj", "{C72A5FC8-4B1C-4A24-A306-FB550729DBF0}"
EndProject
Project("{FAE04EC0-301F-11D3-BF4B-00C04F79EFBC}") = "YAF.Core", "YAF.Core\YAF.Core.csproj", "{BCEFE9BE-7417-47FB-A0E8-75E0201E88E8}"
EndProject
Project("{FAE04EC0-301F-11D3-BF4B-00C04F79EFBC}") = "YAF.Types", "YAF.Types\YAF.Types.csproj", "{B9CF38B0-39CF-43C7-9589-166DCC665652}"
EndProject
Project("{FAE04EC0-301F-11D3-BF4B-00C04F79EFBC}") = "YAF.Utils", "YAF.Utils\YAF.Utils.csproj", "{F80E0025-E57E-4BB5-89F2-CFBCAC1AFCF4}"
EndProject
Project("{FAE04EC0-301F-11D3-BF4B-00C04F79EFBC}") = "FarsiLibrary", "FarsiLibrary\FarsiLibrary.csproj", "{ED29E567-C801-49E9-8C33-CFB66042B07B}"
EndProject
Project("{FAE04EC0-301F-11D3-BF4B-00C04F79EFBC}") = "VZF.Data.Common", "VZF.Data\VZF.Data.Common\VZF.Data.Common.csproj", "{80F590EA-CC91-4286-B8ED-B173FECF0D90}"
	ProjectSection(ProjectDependencies) = postProject
		{8BA564F6-EDCC-4A07-9CDC-125ABCA8160E} = {8BA564F6-EDCC-4A07-9CDC-125ABCA8160E}
		{41C7A2FC-480D-4F44-9D04-FD318BE5B306} = {41C7A2FC-480D-4F44-9D04-FD318BE5B306}
	EndProjectSection
EndProject
Project("{FAE04EC0-301F-11D3-BF4B-00C04F79EFBC}") = "VZF.Data.Firebird", "VZF.Data\VZF.Data.Firebird\VZF.Data.Firebird.csproj", "{8BA564F6-EDCC-4A07-9CDC-125ABCA8160E}"
EndProject
Project("{FAE04EC0-301F-11D3-BF4B-00C04F79EFBC}") = "VZF.Data.Mysql", "VZF.Data\VZF.Data.Mysql\VZF.Data.Mysql.csproj", "{41C7A2FC-480D-4F44-9D04-FD318BE5B306}"
EndProject
Project("{FAE04EC0-301F-11D3-BF4B-00C04F79EFBC}") = "VZF.Data.Postgre", "VZF.Data\VZF.Data.Postgre\VZF.Data.Postgre.csproj", "{26FC1FB1-9DCB-4ED9-9F74-EF453646E97E}"
EndProject
Project("{FAE04EC0-301F-11D3-BF4B-00C04F79EFBC}") = "VZF.Data.Utils", "VZF.Data\VZF.Data.Utils\VZF.Data.Utils.csproj", "{3E9BE2C0-4AD7-4E58-A58A-24107CD5A7E9}"
EndProject
Project("{FAE04EC0-301F-11D3-BF4B-00C04F79EFBC}") = "VZF.Kernel", "VZF.Kernel\VZF.Kernel.csproj", "{7C5BB2BF-C385-49D2-937F-F4CE8E368CC3}"
EndProject
Project("{FAE04EC0-301F-11D3-BF4B-00C04F79EFBC}") = "VZF.Providers.Common", "VZF.Providers\VZF.Providers.Common\VZF.Providers.Common.csproj", "{E9ABBE0E-2961-4D7C-A7D9-8C114747E5C1}"
EndProject
Project("{FAE04EC0-301F-11D3-BF4B-00C04F79EFBC}") = "VZF.Providers.Firebird", "VZF.Providers\VZF.Providers.Firebird\VZF.Providers.Firebird.csproj", "{BF7D25CE-04BA-4708-825A-E8C4296E777F}"
EndProject
Project("{FAE04EC0-301F-11D3-BF4B-00C04F79EFBC}") = "VZF.Providers.Mysql", "VZF.Providers\VZF.Providers.Mysql\VZF.Providers.Mysql.csproj", "{37839554-BE73-4954-9771-99EE5B70F3DA}"
EndProject
Project("{FAE04EC0-301F-11D3-BF4B-00C04F79EFBC}") = "VZF.Providers.Postgre", "VZF.Providers\VZF.Providers.Postgre\VZF.Providers.Postgre.csproj", "{A0DE0EE2-A248-43D3-939D-BD70EF10668D}"
EndProject
Project("{FAE04EC0-301F-11D3-BF4B-00C04F79EFBC}") = "VZF.Tools", "VZF.Tools\VZF.Tools.csproj", "{EA5104B6-7370-4E64-B05C-858EB56D6DA7}"
EndProject
Project("{FAE04EC0-301F-11D3-BF4B-00C04F79EFBC}") = "VZF", "VZF.NET\VZF.csproj", "{1FC67449-7DEF-476D-AB67-BBEBF4DCFAC6}"
EndProject
Project("{FAE04EC0-301F-11D3-BF4B-00C04F79EFBC}") = "VZF.Data.Mssql", "VZF.Data\VZF.Data.Mssql\VZF.Data.Mssql.csproj", "{F42D380A-C4F3-45B5-985C-1D8185823FDD}"
EndProject
Project("{FAE04EC0-301F-11D3-BF4B-00C04F79EFBC}") = "VZF.Providers.Mssql", "VZF.Providers\VZF.Providers.Mssql\VZF.Providers.Mssql.csproj", "{95A44CD9-4399-4DB9-823F-1A264083A390}"
EndProject
Project("{FAE04EC0-301F-11D3-BF4B-00C04F79EFBC}") = "VZF.Types", "VZF.Types\VZF.Types.csproj", "{60FC8775-E129-48E0-B5BA-FE9136F9331F}"
EndProject
Global
	GlobalSection(SolutionConfigurationPlatforms) = preSolution
		Debug|Any CPU = Debug|Any CPU
		Deploy|Any CPU = Deploy|Any CPU
		Release|Any CPU = Release|Any CPU
	EndGlobalSection
	GlobalSection(ProjectConfigurationPlatforms) = postSolution
		{05E50D2F-9527-4CE8-A0F8-168281C426CB}.Debug|Any CPU.ActiveCfg = Debug|Any CPU
		{05E50D2F-9527-4CE8-A0F8-168281C426CB}.Debug|Any CPU.Build.0 = Debug|Any CPU
		{05E50D2F-9527-4CE8-A0F8-168281C426CB}.Deploy|Any CPU.ActiveCfg = Debug|Any CPU
		{05E50D2F-9527-4CE8-A0F8-168281C426CB}.Deploy|Any CPU.Build.0 = Debug|Any CPU
		{05E50D2F-9527-4CE8-A0F8-168281C426CB}.Release|Any CPU.ActiveCfg = Release|Any CPU
		{05E50D2F-9527-4CE8-A0F8-168281C426CB}.Release|Any CPU.Build.0 = Release|Any CPU
		{F8516C67-92BE-43FF-A8A9-B71A3EA4BE0D}.Debug|Any CPU.ActiveCfg = Debug|Any CPU
		{F8516C67-92BE-43FF-A8A9-B71A3EA4BE0D}.Debug|Any CPU.Build.0 = Debug|Any CPU
		{F8516C67-92BE-43FF-A8A9-B71A3EA4BE0D}.Deploy|Any CPU.ActiveCfg = Debug|Any CPU
		{F8516C67-92BE-43FF-A8A9-B71A3EA4BE0D}.Deploy|Any CPU.Build.0 = Debug|Any CPU
		{F8516C67-92BE-43FF-A8A9-B71A3EA4BE0D}.Release|Any CPU.ActiveCfg = Release|Any CPU
		{F8516C67-92BE-43FF-A8A9-B71A3EA4BE0D}.Release|Any CPU.Build.0 = Release|Any CPU
		{C72A5FC8-4B1C-4A24-A306-FB550729DBF0}.Debug|Any CPU.ActiveCfg = Debug|Any CPU
		{C72A5FC8-4B1C-4A24-A306-FB550729DBF0}.Debug|Any CPU.Build.0 = Debug|Any CPU
		{C72A5FC8-4B1C-4A24-A306-FB550729DBF0}.Deploy|Any CPU.ActiveCfg = Debug|Any CPU
		{C72A5FC8-4B1C-4A24-A306-FB550729DBF0}.Deploy|Any CPU.Build.0 = Debug|Any CPU
		{C72A5FC8-4B1C-4A24-A306-FB550729DBF0}.Release|Any CPU.ActiveCfg = Release|Any CPU
		{C72A5FC8-4B1C-4A24-A306-FB550729DBF0}.Release|Any CPU.Build.0 = Release|Any CPU
		{BCEFE9BE-7417-47FB-A0E8-75E0201E88E8}.Debug|Any CPU.ActiveCfg = Debug|Any CPU
		{BCEFE9BE-7417-47FB-A0E8-75E0201E88E8}.Debug|Any CPU.Build.0 = Debug|Any CPU
		{BCEFE9BE-7417-47FB-A0E8-75E0201E88E8}.Deploy|Any CPU.ActiveCfg = Debug|Any CPU
		{BCEFE9BE-7417-47FB-A0E8-75E0201E88E8}.Deploy|Any CPU.Build.0 = Debug|Any CPU
		{BCEFE9BE-7417-47FB-A0E8-75E0201E88E8}.Release|Any CPU.ActiveCfg = Release|Any CPU
		{BCEFE9BE-7417-47FB-A0E8-75E0201E88E8}.Release|Any CPU.Build.0 = Release|Any CPU
		{B9CF38B0-39CF-43C7-9589-166DCC665652}.Debug|Any CPU.ActiveCfg = Debug|Any CPU
		{B9CF38B0-39CF-43C7-9589-166DCC665652}.Debug|Any CPU.Build.0 = Debug|Any CPU
		{B9CF38B0-39CF-43C7-9589-166DCC665652}.Deploy|Any CPU.ActiveCfg = Debug|Any CPU
		{B9CF38B0-39CF-43C7-9589-166DCC665652}.Deploy|Any CPU.Build.0 = Debug|Any CPU
		{B9CF38B0-39CF-43C7-9589-166DCC665652}.Release|Any CPU.ActiveCfg = Release|Any CPU
		{B9CF38B0-39CF-43C7-9589-166DCC665652}.Release|Any CPU.Build.0 = Release|Any CPU
		{F80E0025-E57E-4BB5-89F2-CFBCAC1AFCF4}.Debug|Any CPU.ActiveCfg = Debug|Any CPU
		{F80E0025-E57E-4BB5-89F2-CFBCAC1AFCF4}.Debug|Any CPU.Build.0 = Debug|Any CPU
		{F80E0025-E57E-4BB5-89F2-CFBCAC1AFCF4}.Deploy|Any CPU.ActiveCfg = Debug|Any CPU
		{F80E0025-E57E-4BB5-89F2-CFBCAC1AFCF4}.Deploy|Any CPU.Build.0 = Debug|Any CPU
		{F80E0025-E57E-4BB5-89F2-CFBCAC1AFCF4}.Release|Any CPU.ActiveCfg = Release|Any CPU
		{F80E0025-E57E-4BB5-89F2-CFBCAC1AFCF4}.Release|Any CPU.Build.0 = Release|Any CPU
		{ED29E567-C801-49E9-8C33-CFB66042B07B}.Debug|Any CPU.ActiveCfg = Debug|Any CPU
		{ED29E567-C801-49E9-8C33-CFB66042B07B}.Debug|Any CPU.Build.0 = Debug|Any CPU
		{ED29E567-C801-49E9-8C33-CFB66042B07B}.Deploy|Any CPU.ActiveCfg = Debug|Any CPU
		{ED29E567-C801-49E9-8C33-CFB66042B07B}.Deploy|Any CPU.Build.0 = Debug|Any CPU
		{ED29E567-C801-49E9-8C33-CFB66042B07B}.Release|Any CPU.ActiveCfg = Release|Any CPU
		{ED29E567-C801-49E9-8C33-CFB66042B07B}.Release|Any CPU.Build.0 = Release|Any CPU
		{80F590EA-CC91-4286-B8ED-B173FECF0D90}.Debug|Any CPU.ActiveCfg = Debug|Any CPU
		{80F590EA-CC91-4286-B8ED-B173FECF0D90}.Debug|Any CPU.Build.0 = Debug|Any CPU
		{80F590EA-CC91-4286-B8ED-B173FECF0D90}.Deploy|Any CPU.ActiveCfg = Debug|Any CPU
		{80F590EA-CC91-4286-B8ED-B173FECF0D90}.Deploy|Any CPU.Build.0 = Debug|Any CPU
		{80F590EA-CC91-4286-B8ED-B173FECF0D90}.Release|Any CPU.ActiveCfg = Release|Any CPU
		{80F590EA-CC91-4286-B8ED-B173FECF0D90}.Release|Any CPU.Build.0 = Release|Any CPU
		{8BA564F6-EDCC-4A07-9CDC-125ABCA8160E}.Debug|Any CPU.ActiveCfg = Debug|Any CPU
		{8BA564F6-EDCC-4A07-9CDC-125ABCA8160E}.Debug|Any CPU.Build.0 = Debug|Any CPU
		{8BA564F6-EDCC-4A07-9CDC-125ABCA8160E}.Deploy|Any CPU.ActiveCfg = Debug|Any CPU
		{8BA564F6-EDCC-4A07-9CDC-125ABCA8160E}.Deploy|Any CPU.Build.0 = Debug|Any CPU
		{8BA564F6-EDCC-4A07-9CDC-125ABCA8160E}.Release|Any CPU.ActiveCfg = Release|Any CPU
		{8BA564F6-EDCC-4A07-9CDC-125ABCA8160E}.Release|Any CPU.Build.0 = Release|Any CPU
		{41C7A2FC-480D-4F44-9D04-FD318BE5B306}.Debug|Any CPU.ActiveCfg = Debug|Any CPU
		{41C7A2FC-480D-4F44-9D04-FD318BE5B306}.Debug|Any CPU.Build.0 = Debug|Any CPU
		{41C7A2FC-480D-4F44-9D04-FD318BE5B306}.Deploy|Any CPU.ActiveCfg = Debug|Any CPU
		{41C7A2FC-480D-4F44-9D04-FD318BE5B306}.Deploy|Any CPU.Build.0 = Debug|Any CPU
		{41C7A2FC-480D-4F44-9D04-FD318BE5B306}.Release|Any CPU.ActiveCfg = Release|Any CPU
		{41C7A2FC-480D-4F44-9D04-FD318BE5B306}.Release|Any CPU.Build.0 = Release|Any CPU
		{26FC1FB1-9DCB-4ED9-9F74-EF453646E97E}.Debug|Any CPU.ActiveCfg = Debug|Any CPU
		{26FC1FB1-9DCB-4ED9-9F74-EF453646E97E}.Debug|Any CPU.Build.0 = Debug|Any CPU
		{26FC1FB1-9DCB-4ED9-9F74-EF453646E97E}.Deploy|Any CPU.ActiveCfg = Debug|Any CPU
		{26FC1FB1-9DCB-4ED9-9F74-EF453646E97E}.Deploy|Any CPU.Build.0 = Debug|Any CPU
		{26FC1FB1-9DCB-4ED9-9F74-EF453646E97E}.Release|Any CPU.ActiveCfg = Release|Any CPU
		{26FC1FB1-9DCB-4ED9-9F74-EF453646E97E}.Release|Any CPU.Build.0 = Release|Any CPU
		{3E9BE2C0-4AD7-4E58-A58A-24107CD5A7E9}.Debug|Any CPU.ActiveCfg = Debug|Any CPU
		{3E9BE2C0-4AD7-4E58-A58A-24107CD5A7E9}.Debug|Any CPU.Build.0 = Debug|Any CPU
		{3E9BE2C0-4AD7-4E58-A58A-24107CD5A7E9}.Deploy|Any CPU.ActiveCfg = Debug|Any CPU
		{3E9BE2C0-4AD7-4E58-A58A-24107CD5A7E9}.Deploy|Any CPU.Build.0 = Debug|Any CPU
		{3E9BE2C0-4AD7-4E58-A58A-24107CD5A7E9}.Release|Any CPU.ActiveCfg = Release|Any CPU
		{3E9BE2C0-4AD7-4E58-A58A-24107CD5A7E9}.Release|Any CPU.Build.0 = Release|Any CPU
		{7C5BB2BF-C385-49D2-937F-F4CE8E368CC3}.Debug|Any CPU.ActiveCfg = Debug|Any CPU
		{7C5BB2BF-C385-49D2-937F-F4CE8E368CC3}.Debug|Any CPU.Build.0 = Debug|Any CPU
		{7C5BB2BF-C385-49D2-937F-F4CE8E368CC3}.Deploy|Any CPU.ActiveCfg = Debug|Any CPU
		{7C5BB2BF-C385-49D2-937F-F4CE8E368CC3}.Deploy|Any CPU.Build.0 = Debug|Any CPU
		{7C5BB2BF-C385-49D2-937F-F4CE8E368CC3}.Release|Any CPU.ActiveCfg = Release|Any CPU
		{7C5BB2BF-C385-49D2-937F-F4CE8E368CC3}.Release|Any CPU.Build.0 = Release|Any CPU
		{E9ABBE0E-2961-4D7C-A7D9-8C114747E5C1}.Debug|Any CPU.ActiveCfg = Debug|Any CPU
		{E9ABBE0E-2961-4D7C-A7D9-8C114747E5C1}.Debug|Any CPU.Build.0 = Debug|Any CPU
		{E9ABBE0E-2961-4D7C-A7D9-8C114747E5C1}.Deploy|Any CPU.ActiveCfg = Debug|Any CPU
		{E9ABBE0E-2961-4D7C-A7D9-8C114747E5C1}.Deploy|Any CPU.Build.0 = Debug|Any CPU
		{E9ABBE0E-2961-4D7C-A7D9-8C114747E5C1}.Release|Any CPU.ActiveCfg = Release|Any CPU
		{E9ABBE0E-2961-4D7C-A7D9-8C114747E5C1}.Release|Any CPU.Build.0 = Release|Any CPU
		{BF7D25CE-04BA-4708-825A-E8C4296E777F}.Debug|Any CPU.ActiveCfg = Debug|Any CPU
		{BF7D25CE-04BA-4708-825A-E8C4296E777F}.Debug|Any CPU.Build.0 = Debug|Any CPU
		{BF7D25CE-04BA-4708-825A-E8C4296E777F}.Deploy|Any CPU.ActiveCfg = Debug|Any CPU
		{BF7D25CE-04BA-4708-825A-E8C4296E777F}.Deploy|Any CPU.Build.0 = Debug|Any CPU
		{BF7D25CE-04BA-4708-825A-E8C4296E777F}.Release|Any CPU.ActiveCfg = Release|Any CPU
		{BF7D25CE-04BA-4708-825A-E8C4296E777F}.Release|Any CPU.Build.0 = Release|Any CPU
		{37839554-BE73-4954-9771-99EE5B70F3DA}.Debug|Any CPU.ActiveCfg = Debug|Any CPU
		{37839554-BE73-4954-9771-99EE5B70F3DA}.Debug|Any CPU.Build.0 = Debug|Any CPU
		{37839554-BE73-4954-9771-99EE5B70F3DA}.Deploy|Any CPU.ActiveCfg = Debug|Any CPU
		{37839554-BE73-4954-9771-99EE5B70F3DA}.Deploy|Any CPU.Build.0 = Debug|Any CPU
		{37839554-BE73-4954-9771-99EE5B70F3DA}.Release|Any CPU.ActiveCfg = Release|Any CPU
		{37839554-BE73-4954-9771-99EE5B70F3DA}.Release|Any CPU.Build.0 = Release|Any CPU
		{A0DE0EE2-A248-43D3-939D-BD70EF10668D}.Debug|Any CPU.ActiveCfg = Debug|Any CPU
		{A0DE0EE2-A248-43D3-939D-BD70EF10668D}.Debug|Any CPU.Build.0 = Debug|Any CPU
		{A0DE0EE2-A248-43D3-939D-BD70EF10668D}.Deploy|Any CPU.ActiveCfg = Debug|Any CPU
		{A0DE0EE2-A248-43D3-939D-BD70EF10668D}.Deploy|Any CPU.Build.0 = Debug|Any CPU
		{A0DE0EE2-A248-43D3-939D-BD70EF10668D}.Release|Any CPU.ActiveCfg = Release|Any CPU
		{A0DE0EE2-A248-43D3-939D-BD70EF10668D}.Release|Any CPU.Build.0 = Release|Any CPU
		{EA5104B6-7370-4E64-B05C-858EB56D6DA7}.Debug|Any CPU.ActiveCfg = Debug|Any CPU
		{EA5104B6-7370-4E64-B05C-858EB56D6DA7}.Debug|Any CPU.Build.0 = Debug|Any CPU
		{EA5104B6-7370-4E64-B05C-858EB56D6DA7}.Deploy|Any CPU.ActiveCfg = Debug|Any CPU
		{EA5104B6-7370-4E64-B05C-858EB56D6DA7}.Deploy|Any CPU.Build.0 = Debug|Any CPU
		{EA5104B6-7370-4E64-B05C-858EB56D6DA7}.Release|Any CPU.ActiveCfg = Release|Any CPU
		{EA5104B6-7370-4E64-B05C-858EB56D6DA7}.Release|Any CPU.Build.0 = Release|Any CPU
		{1FC67449-7DEF-476D-AB67-BBEBF4DCFAC6}.Debug|Any CPU.ActiveCfg = Debug|Any CPU
		{1FC67449-7DEF-476D-AB67-BBEBF4DCFAC6}.Debug|Any CPU.Build.0 = Debug|Any CPU
		{1FC67449-7DEF-476D-AB67-BBEBF4DCFAC6}.Deploy|Any CPU.ActiveCfg = Deploy|Any CPU
		{1FC67449-7DEF-476D-AB67-BBEBF4DCFAC6}.Deploy|Any CPU.Build.0 = Deploy|Any CPU
		{1FC67449-7DEF-476D-AB67-BBEBF4DCFAC6}.Release|Any CPU.ActiveCfg = Release|Any CPU
		{1FC67449-7DEF-476D-AB67-BBEBF4DCFAC6}.Release|Any CPU.Build.0 = Release|Any CPU
		{F42D380A-C4F3-45B5-985C-1D8185823FDD}.Debug|Any CPU.ActiveCfg = Debug|Any CPU
		{F42D380A-C4F3-45B5-985C-1D8185823FDD}.Debug|Any CPU.Build.0 = Debug|Any CPU
		{F42D380A-C4F3-45B5-985C-1D8185823FDD}.Deploy|Any CPU.ActiveCfg = Debug|Any CPU
		{F42D380A-C4F3-45B5-985C-1D8185823FDD}.Deploy|Any CPU.Build.0 = Debug|Any CPU
		{F42D380A-C4F3-45B5-985C-1D8185823FDD}.Release|Any CPU.ActiveCfg = Release|Any CPU
		{F42D380A-C4F3-45B5-985C-1D8185823FDD}.Release|Any CPU.Build.0 = Release|Any CPU
		{95A44CD9-4399-4DB9-823F-1A264083A390}.Debug|Any CPU.ActiveCfg = Debug|Any CPU
		{95A44CD9-4399-4DB9-823F-1A264083A390}.Debug|Any CPU.Build.0 = Debug|Any CPU
		{95A44CD9-4399-4DB9-823F-1A264083A390}.Deploy|Any CPU.ActiveCfg = Debug|Any CPU
		{95A44CD9-4399-4DB9-823F-1A264083A390}.Deploy|Any CPU.Build.0 = Debug|Any CPU
		{95A44CD9-4399-4DB9-823F-1A264083A390}.Release|Any CPU.ActiveCfg = Release|Any CPU
		{95A44CD9-4399-4DB9-823F-1A264083A390}.Release|Any CPU.Build.0 = Release|Any CPU
		{60FC8775-E129-48E0-B5BA-FE9136F9331F}.Debug|Any CPU.ActiveCfg = Debug|Any CPU
		{60FC8775-E129-48E0-B5BA-FE9136F9331F}.Debug|Any CPU.Build.0 = Debug|Any CPU
		{60FC8775-E129-48E0-B5BA-FE9136F9331F}.Deploy|Any CPU.ActiveCfg = Debug|Any CPU
		{60FC8775-E129-48E0-B5BA-FE9136F9331F}.Deploy|Any CPU.Build.0 = Debug|Any CPU
		{60FC8775-E129-48E0-B5BA-FE9136F9331F}.Release|Any CPU.ActiveCfg = Release|Any CPU
		{60FC8775-E129-48E0-B5BA-FE9136F9331F}.Release|Any CPU.Build.0 = Release|Any CPU
	EndGlobalSection
	GlobalSection(SolutionProperties) = preSolution
		HideSolutionNode = FALSE
	EndGlobalSection
	GlobalSection(NestedProjects) = preSolution
		{F8516C67-92BE-43FF-A8A9-B71A3EA4BE0D} = {CFC7B19E-F7F2-41F1-B709-5C1D72A9BAD0}
		{ED29E567-C801-49E9-8C33-CFB66042B07B} = {CFC7B19E-F7F2-41F1-B709-5C1D72A9BAD0}
	EndGlobalSection
EndGlobal
